
Microsoft Visual Studio Solution File, Format Version 12.00
# Visual Studio Version 16
VisualStudioVersion = 16.0.31727.386
MinimumVisualStudioVersion = 10.0.40219.1
Project("{FAE04EC0-301F-11D3-BF4B-00C04F79EFBC}") = "GameHavenForum", "GameHavenForum\GameHavenForum.csproj", "{B9E38387-9FC0-4037-8930-0BE863974D51}"
EndProject
Project("{FAE04EC0-301F-11D3-BF4B-00C04F79EFBC}") = "Application", "Application\Application.csproj", "{717F89EC-420A-40AF-9B54-1EC1507A78AB}"
EndProject
Project("{E53339B2-1760-4266-BCC7-CA923CBCF16C}") = "docker-compose", "docker-compose.dcproj", "{2E0FE176-B294-420E-923B-8D6802298BE7}"
EndProject
Global
	GlobalSection(SolutionConfigurationPlatforms) = preSolution
		Debug|Any CPU = Debug|Any CPU
		Release|Any CPU = Release|Any CPU
	EndGlobalSection
	GlobalSection(ProjectConfigurationPlatforms) = postSolution
		{B9E38387-9FC0-4037-8930-0BE863974D51}.Debug|Any CPU.ActiveCfg = Debug|Any CPU
		{B9E38387-9FC0-4037-8930-0BE863974D51}.Debug|Any CPU.Build.0 = Debug|Any CPU
		{B9E38387-9FC0-4037-8930-0BE863974D51}.Release|Any CPU.ActiveCfg = Release|Any CPU
		{B9E38387-9FC0-4037-8930-0BE863974D51}.Release|Any CPU.Build.0 = Release|Any CPU
		{717F89EC-420A-40AF-9B54-1EC1507A78AB}.Debug|Any CPU.ActiveCfg = Debug|Any CPU
		{717F89EC-420A-40AF-9B54-1EC1507A78AB}.Debug|Any CPU.Build.0 = Debug|Any CPU
		{717F89EC-420A-40AF-9B54-1EC1507A78AB}.Release|Any CPU.ActiveCfg = Release|Any CPU
		{717F89EC-420A-40AF-9B54-1EC1507A78AB}.Release|Any CPU.Build.0 = Release|Any CPU
		{2E0FE176-B294-420E-923B-8D6802298BE7}.Debug|Any CPU.ActiveCfg = Debug|Any CPU
		{2E0FE176-B294-420E-923B-8D6802298BE7}.Debug|Any CPU.Build.0 = Debug|Any CPU
		{2E0FE176-B294-420E-923B-8D6802298BE7}.Release|Any CPU.ActiveCfg = Release|Any CPU
		{2E0FE176-B294-420E-923B-8D6802298BE7}.Release|Any CPU.Build.0 = Release|Any CPU
	EndGlobalSection
	GlobalSection(SolutionProperties) = preSolution
		HideSolutionNode = FALSE
	EndGlobalSection
	GlobalSection(ExtensibilityGlobals) = postSolution
		SolutionGuid = {77FB1CDE-6E4D-4EDC-BD93-264269BCF3F3}
	EndGlobalSection
EndGlobal
